
Microsoft Visual Studio Solution File, Format Version 12.00
# Visual Studio 15
VisualStudioVersion = 15.0.26124.0
MinimumVisualStudioVersion = 15.0.26124.0
Project("{FAE04EC0-301F-11D3-BF4B-00C04F79EFBC}") = "AblyGame", "AblyGame\AblyGame.csproj", "{0FEC07F6-9875-48A8-82EE-A8C11917D60D}"
EndProject
Project("{FAE04EC0-301F-11D3-BF4B-00C04F79EFBC}") = "AblyController", "AblyController\AblyController.csproj", "{7F0E4D65-4A3E-4CDC-8EDC-6301B139F934}"
EndProject
Project("{FAE04EC0-301F-11D3-BF4B-00C04F79EFBC}") = "AblyDemoUtils", "AblyDemoUtils\AblyDemoUtils.csproj", "{2E601D6B-3D44-4F6D-BFCD-0E5C496DC9A1}"
EndProject
Global
	GlobalSection(SolutionConfigurationPlatforms) = preSolution
		Debug|Any CPU = Debug|Any CPU
		Debug|x64 = Debug|x64
		Debug|x86 = Debug|x86
		Release|Any CPU = Release|Any CPU
		Release|x64 = Release|x64
		Release|x86 = Release|x86
	EndGlobalSection
	GlobalSection(SolutionProperties) = preSolution
		HideSolutionNode = FALSE
	EndGlobalSection
	GlobalSection(ProjectConfigurationPlatforms) = postSolution
		{0FEC07F6-9875-48A8-82EE-A8C11917D60D}.Debug|Any CPU.ActiveCfg = Debug|Any CPU
		{0FEC07F6-9875-48A8-82EE-A8C11917D60D}.Debug|Any CPU.Build.0 = Debug|Any CPU
		{0FEC07F6-9875-48A8-82EE-A8C11917D60D}.Debug|x64.ActiveCfg = Debug|Any CPU
		{0FEC07F6-9875-48A8-82EE-A8C11917D60D}.Debug|x64.Build.0 = Debug|Any CPU
		{0FEC07F6-9875-48A8-82EE-A8C11917D60D}.Debug|x86.ActiveCfg = Debug|Any CPU
		{0FEC07F6-9875-48A8-82EE-A8C11917D60D}.Debug|x86.Build.0 = Debug|Any CPU
		{0FEC07F6-9875-48A8-82EE-A8C11917D60D}.Release|Any CPU.ActiveCfg = Release|Any CPU
		{0FEC07F6-9875-48A8-82EE-A8C11917D60D}.Release|Any CPU.Build.0 = Release|Any CPU
		{0FEC07F6-9875-48A8-82EE-A8C11917D60D}.Release|x64.ActiveCfg = Release|Any CPU
		{0FEC07F6-9875-48A8-82EE-A8C11917D60D}.Release|x64.Build.0 = Release|Any CPU
		{0FEC07F6-9875-48A8-82EE-A8C11917D60D}.Release|x86.ActiveCfg = Release|Any CPU
		{0FEC07F6-9875-48A8-82EE-A8C11917D60D}.Release|x86.Build.0 = Release|Any CPU
		{7F0E4D65-4A3E-4CDC-8EDC-6301B139F934}.Debug|Any CPU.ActiveCfg = Debug|Any CPU
		{7F0E4D65-4A3E-4CDC-8EDC-6301B139F934}.Debug|Any CPU.Build.0 = Debug|Any CPU
		{7F0E4D65-4A3E-4CDC-8EDC-6301B139F934}.Debug|x64.ActiveCfg = Debug|Any CPU
		{7F0E4D65-4A3E-4CDC-8EDC-6301B139F934}.Debug|x64.Build.0 = Debug|Any CPU
		{7F0E4D65-4A3E-4CDC-8EDC-6301B139F934}.Debug|x86.ActiveCfg = Debug|Any CPU
		{7F0E4D65-4A3E-4CDC-8EDC-6301B139F934}.Debug|x86.Build.0 = Debug|Any CPU
		{7F0E4D65-4A3E-4CDC-8EDC-6301B139F934}.Release|Any CPU.ActiveCfg = Release|Any CPU
		{7F0E4D65-4A3E-4CDC-8EDC-6301B139F934}.Release|Any CPU.Build.0 = Release|Any CPU
		{7F0E4D65-4A3E-4CDC-8EDC-6301B139F934}.Release|x64.ActiveCfg = Release|Any CPU
		{7F0E4D65-4A3E-4CDC-8EDC-6301B139F934}.Release|x64.Build.0 = Release|Any CPU
		{7F0E4D65-4A3E-4CDC-8EDC-6301B139F934}.Release|x86.ActiveCfg = Release|Any CPU
		{7F0E4D65-4A3E-4CDC-8EDC-6301B139F934}.Release|x86.Build.0 = Release|Any CPU
		{2E601D6B-3D44-4F6D-BFCD-0E5C496DC9A1}.Debug|Any CPU.ActiveCfg = Debug|Any CPU
		{2E601D6B-3D44-4F6D-BFCD-0E5C496DC9A1}.Debug|Any CPU.Build.0 = Debug|Any CPU
		{2E601D6B-3D44-4F6D-BFCD-0E5C496DC9A1}.Debug|x64.ActiveCfg = Debug|Any CPU
		{2E601D6B-3D44-4F6D-BFCD-0E5C496DC9A1}.Debug|x64.Build.0 = Debug|Any CPU
		{2E601D6B-3D44-4F6D-BFCD-0E5C496DC9A1}.Debug|x86.ActiveCfg = Debug|Any CPU
		{2E601D6B-3D44-4F6D-BFCD-0E5C496DC9A1}.Debug|x86.Build.0 = Debug|Any CPU
		{2E601D6B-3D44-4F6D-BFCD-0E5C496DC9A1}.Release|Any CPU.ActiveCfg = Release|Any CPU
		{2E601D6B-3D44-4F6D-BFCD-0E5C496DC9A1}.Release|Any CPU.Build.0 = Release|Any CPU
		{2E601D6B-3D44-4F6D-BFCD-0E5C496DC9A1}.Release|x64.ActiveCfg = Release|Any CPU
		{2E601D6B-3D44-4F6D-BFCD-0E5C496DC9A1}.Release|x64.Build.0 = Release|Any CPU
		{2E601D6B-3D44-4F6D-BFCD-0E5C496DC9A1}.Release|x86.ActiveCfg = Release|Any CPU
		{2E601D6B-3D44-4F6D-BFCD-0E5C496DC9A1}.Release|x86.Build.0 = Release|Any CPU
	EndGlobalSection
EndGlobal
